
Microsoft Visual Studio Solution File, Format Version 12.00
# Visual Studio Version 17
VisualStudioVersion = 17.5.002.0
MinimumVisualStudioVersion = 10.0.40219.1
Project("{FAE04EC0-301F-11D3-BF4B-00C04F79EFBC}") = "budget-tracker", "Budget-Tracker\budget-tracker.csproj", "{14A5B2F2-F170-4B47-A91E-26CEDE6F4BA8}"
EndProject
Project("{FAE04EC0-301F-11D3-BF4B-00C04F79EFBC}") = "UnitTests", "Budget-Tracker-Tests\UnitTests.csproj", "{2396262A-2764-4BB2-B56D-AE028601763C}"
EndProject
Project("{FAE04EC0-301F-11D3-BF4B-00C04F79EFBC}") = "IntegrationTests", "IntegrationTests\IntegrationTests.csproj", "{E3C7AD0E-D14D-42E9-8674-69B26B85F507}"
EndProject
Global
	GlobalSection(SolutionConfigurationPlatforms) = preSolution
		Debug|Any CPU = Debug|Any CPU
		Release|Any CPU = Release|Any CPU
	EndGlobalSection
	GlobalSection(ProjectConfigurationPlatforms) = postSolution
		{14A5B2F2-F170-4B47-A91E-26CEDE6F4BA8}.Debug|Any CPU.ActiveCfg = Debug|Any CPU
		{14A5B2F2-F170-4B47-A91E-26CEDE6F4BA8}.Debug|Any CPU.Build.0 = Debug|Any CPU
		{14A5B2F2-F170-4B47-A91E-26CEDE6F4BA8}.Release|Any CPU.ActiveCfg = Release|Any CPU
		{14A5B2F2-F170-4B47-A91E-26CEDE6F4BA8}.Release|Any CPU.Build.0 = Release|Any CPU
		{2396262A-2764-4BB2-B56D-AE028601763C}.Debug|Any CPU.ActiveCfg = Debug|Any CPU
		{2396262A-2764-4BB2-B56D-AE028601763C}.Debug|Any CPU.Build.0 = Debug|Any CPU
		{2396262A-2764-4BB2-B56D-AE028601763C}.Release|Any CPU.ActiveCfg = Release|Any CPU
		{2396262A-2764-4BB2-B56D-AE028601763C}.Release|Any CPU.Build.0 = Release|Any CPU
		{E3C7AD0E-D14D-42E9-8674-69B26B85F507}.Debug|Any CPU.ActiveCfg = Debug|Any CPU
		{E3C7AD0E-D14D-42E9-8674-69B26B85F507}.Debug|Any CPU.Build.0 = Debug|Any CPU
		{E3C7AD0E-D14D-42E9-8674-69B26B85F507}.Release|Any CPU.ActiveCfg = Release|Any CPU
		{E3C7AD0E-D14D-42E9-8674-69B26B85F507}.Release|Any CPU.Build.0 = Release|Any CPU
	EndGlobalSection
	GlobalSection(SolutionProperties) = preSolution
		HideSolutionNode = FALSE
	EndGlobalSection
	GlobalSection(ExtensibilityGlobals) = postSolution
		SolutionGuid = {1D2C055B-1A09-4FDA-BAFB-AF83F810AA90}
	EndGlobalSection
EndGlobal
